# THIS IS AN AUTOGENERATED FILE. DO NOT EDIT THIS FILE DIRECTLY.
# yarn lockfile v1


"@hapi/accept@^5.0.1":
  "integrity" "sha512-CmzBx/bXUR8451fnZRuZAJRlzgm0Jgu5dltTX/bszmR2lheb9BpyN47Q1RbaGTsvFzn0PXAEs+lXDKfshccYZw=="
  "resolved" "https://registry.npmjs.org/@hapi/accept/-/accept-5.0.2.tgz"
  "version" "5.0.2"
  dependencies:
    "@hapi/boom" "9.x.x"
    "@hapi/hoek" "9.x.x"

"@hapi/ammo@^5.0.1":
  "integrity" "sha512-FbCNwcTbnQP4VYYhLNGZmA76xb2aHg9AMPiy18NZyWMG310P5KdFGyA9v2rm5ujrIny77dEEIkMOwl0Xv+fSSA=="
  "resolved" "https://registry.npmjs.org/@hapi/ammo/-/ammo-5.0.1.tgz"
  "version" "5.0.1"
  dependencies:
    "@hapi/hoek" "9.x.x"

"@hapi/ammo@^6.0.0":
  "integrity" "sha512-lhX7SYtWScQaeAIL5XnE54WzyDgS5RXVeEtFEovyZcTdVzTYbo0nem56Bwko1PBcRxRUIw1v2tMb6sjFs6vEwg=="
  "resolved" "https://registry.npmjs.org/@hapi/ammo/-/ammo-6.0.0.tgz"
  "version" "6.0.0"
  dependencies:
    "@hapi/hoek" "^10.0.0"

"@hapi/b64@5.x.x":
  "integrity" "sha512-ngu0tSEmrezoiIaNGG6rRvKOUkUuDdf4XTPnONHGYfSGRmDqPZX5oJL6HAdKTo1UQHECbdB4OzhWrfgVppjHUw=="
  "resolved" "https://registry.npmjs.org/@hapi/b64/-/b64-5.0.0.tgz"
  "version" "5.0.0"
  dependencies:
    "@hapi/hoek" "9.x.x"

"@hapi/boom@^10.0.0":
  "integrity" "sha512-1YVs9tLHhypBqqinKQRqh7FUERIolarQApO37OWkzD+z6y6USi871Sv746zBPKcIOBuI6g6y4FrwX87mmJ90Gg=="
  "resolved" "https://registry.npmjs.org/@hapi/boom/-/boom-10.0.0.tgz"
  "version" "10.0.0"
  dependencies:
    "@hapi/hoek" "10.x.x"

"@hapi/boom@^9.1.0", "@hapi/boom@9.x.x":
  "integrity" "sha512-Ls1oH8jaN1vNsqcaHVYJrKmgMcKsC1wcp8bujvXrHaAqD2iDYq3HoOwsxwo09Cuda5R5nC0o0IxlrlTuvPuzSw=="
  "resolved" "https://registry.npmjs.org/@hapi/boom/-/boom-9.1.4.tgz"
  "version" "9.1.4"
  dependencies:
    "@hapi/hoek" "9.x.x"

"@hapi/bounce@^2.0.0", "@hapi/bounce@2.x.x":
  "integrity" "sha512-JesW92uyzOOyuzJKjoLHM1ThiOvHPOLDHw01YV8yh5nCso7sDwJho1h0Ad2N+E62bZyz46TG3xhAi/78Gsct6A=="
  "resolved" "https://registry.npmjs.org/@hapi/bounce/-/bounce-2.0.0.tgz"
  "version" "2.0.0"
  dependencies:
    "@hapi/boom" "9.x.x"
    "@hapi/hoek" "9.x.x"

"@hapi/bounce@^3.0.0":
  "integrity" "sha512-L0G4NcwwOYRhpcXeL76hNrLTUcObqtZMB3z4kcRVUZcR/w3v6C5Q1cTElV4/V7og1fG+wOyDR55UMFA+tWfhtA=="
  "resolved" "https://registry.npmjs.org/@hapi/bounce/-/bounce-3.0.0.tgz"
  "version" "3.0.0"
  dependencies:
    "@hapi/boom" "^10.0.0"
    "@hapi/hoek" "^10.0.0"

"@hapi/bourne@2.x.x":
  "integrity" "sha512-i1BpaNDVLJdRBEKeJWkVO6tYX6DMFBuwMhSuWqLsY4ufeTKGVuV5rBsUhxPayXqnnWHgXUAmWK16H/ykO5Wj4Q=="
  "resolved" "https://registry.npmjs.org/@hapi/bourne/-/bourne-2.1.0.tgz"
  "version" "2.1.0"

"@hapi/call@^8.0.0":
  "integrity" "sha512-bOff6GTdOnoe5b8oXRV3lwkQSb/LAWylvDMae6RgEWWntd0SHtkYbQukDHKlfaYtVnSAgIavJ0kqszF/AIBb6g=="
  "resolved" "https://registry.npmjs.org/@hapi/call/-/call-8.0.1.tgz"
  "version" "8.0.1"
  dependencies:
    "@hapi/boom" "9.x.x"
    "@hapi/hoek" "9.x.x"

"@hapi/catbox-memory@^5.0.0":
  "integrity" "sha512-QWw9nOYJq5PlvChLWV8i6hQHJYfvdqiXdvTupJFh0eqLZ64Xir7mKNi96d5/ZMUAqXPursfNDIDxjFgoEDUqeQ=="
  "resolved" "https://registry.npmjs.org/@hapi/catbox-memory/-/catbox-memory-5.0.1.tgz"
  "version" "5.0.1"
  dependencies:
    "@hapi/boom" "9.x.x"
    "@hapi/hoek" "9.x.x"

"@hapi/catbox@^11.1.1":
  "integrity" "sha512-u/8HvB7dD/6X8hsZIpskSDo4yMKpHxFd7NluoylhGrL6cUfYxdQPnvUp9YU2C6F9hsyBVLGulBd9vBN1ebfXOQ=="
  "resolved" "https://registry.npmjs.org/@hapi/catbox/-/catbox-11.1.1.tgz"
  "version" "11.1.1"
  dependencies:
    "@hapi/boom" "9.x.x"
    "@hapi/hoek" "9.x.x"
    "@hapi/podium" "4.x.x"
    "@hapi/validate" "1.x.x"

"@hapi/content@^5.0.2":
  "integrity" "sha512-mre4dl1ygd4ZyOH3tiYBrOUBzV7Pu/EOs8VLGf58vtOEECWed8Uuw6B4iR9AN/8uQt42tB04qpVaMyoMQh0oMw=="
  "resolved" "https://registry.npmjs.org/@hapi/content/-/content-5.0.2.tgz"
  "version" "5.0.2"
  dependencies:
    "@hapi/boom" "9.x.x"

"@hapi/cryptiles@5.x.x":
  "integrity" "sha512-fo9+d1Ba5/FIoMySfMqPBR/7Pa29J2RsiPrl7bkwo5W5o+AN1dAYQRi4SPrPwwVxVGKjgLOEWrsvt1BonJSfLA=="
  "resolved" "https://registry.npmjs.org/@hapi/cryptiles/-/cryptiles-5.1.0.tgz"
  "version" "5.1.0"
  dependencies:
    "@hapi/boom" "9.x.x"

"@hapi/file@2.x.x":
  "integrity" "sha512-WSrlgpvEqgPWkI18kkGELEZfXr0bYLtr16iIN4Krh9sRnzBZN6nnWxHFxtsnP684wueEySBbXPDg/WfA9xJdBQ=="
  "resolved" "https://registry.npmjs.org/@hapi/file/-/file-2.0.0.tgz"
  "version" "2.0.0"

"@hapi/hapi@^20.2.2":
  "integrity" "sha512-crhU6TIKt7QsksWLYctDBAXogk9PYAm7UzdpETyuBHC2pCa6/+B5NykiOVLG/3FCIgHo/raPVtan8bYtByHORQ=="
  "resolved" "https://registry.npmjs.org/@hapi/hapi/-/hapi-20.2.2.tgz"
  "version" "20.2.2"
  dependencies:
    "@hapi/accept" "^5.0.1"
    "@hapi/ammo" "^5.0.1"
    "@hapi/boom" "^9.1.0"
    "@hapi/bounce" "^2.0.0"
    "@hapi/call" "^8.0.0"
    "@hapi/catbox" "^11.1.1"
    "@hapi/catbox-memory" "^5.0.0"
    "@hapi/heavy" "^7.0.1"
    "@hapi/hoek" "^9.0.4"
    "@hapi/mimos" "^6.0.0"
    "@hapi/podium" "^4.1.1"
    "@hapi/shot" "^5.0.5"
    "@hapi/somever" "^3.0.0"
    "@hapi/statehood" "^7.0.4"
    "@hapi/subtext" "^7.0.3"
    "@hapi/teamwork" "^5.1.1"
    "@hapi/topo" "^5.0.0"
    "@hapi/validate" "^1.1.1"

"@hapi/heavy@^7.0.1":
  "integrity" "sha512-vJ/vzRQ13MtRzz6Qd4zRHWS3FaUc/5uivV2TIuExGTM9Qk+7Zzqj0e2G7EpE6KztO9SalTbiIkTh7qFKj/33cA=="
  "resolved" "https://registry.npmjs.org/@hapi/heavy/-/heavy-7.0.1.tgz"
  "version" "7.0.1"
  dependencies:
    "@hapi/boom" "9.x.x"
    "@hapi/hoek" "9.x.x"
    "@hapi/validate" "1.x.x"

"@hapi/hoek@^10.0.0", "@hapi/hoek@10.x.x":
  "integrity" "sha512-CvlW7jmOhWzuqOqiJQ3rQVLMcREh0eel4IBnxDx2FAcK8g7qoJRQK4L1CPBASoCY6y8e6zuCy3f2g+HWdkzcMw=="
  "resolved" "https://registry.npmjs.org/@hapi/hoek/-/hoek-10.0.1.tgz"
  "version" "10.0.1"

"@hapi/hoek@^9.0.0", "@hapi/hoek@^9.0.4", "@hapi/hoek@9.x.x":
  "integrity" "sha512-/c6rf4UJlmHlC9b5BaNvzAcFv7HZ2QHaV0D4/HNlBdvFnvQq8RI4kYdhyPCl7Xj+oWvTWQ8ujhqS53LIgAe6KQ=="
  "resolved" "https://registry.npmjs.org/@hapi/hoek/-/hoek-9.3.0.tgz"
  "version" "9.3.0"

"@hapi/inert@^7.0.0":
  "integrity" "sha512-aJvH8rKYF42YY/XZLtq5LOWyk71GRIlcqRgvRyz+XQnj2DTdSZeerUcsxV2kyzJVm9gdemVwHp00foLfKadbMg=="
  "resolved" "https://registry.npmjs.org/@hapi/inert/-/inert-7.0.0.tgz"
  "version" "7.0.0"
  dependencies:
    "@hapi/ammo" "^6.0.0"
    "@hapi/boom" "^10.0.0"
    "@hapi/bounce" "^3.0.0"
    "@hapi/hoek" "^10.0.0"
    "@hapi/validate" "^2.0.0"
    "lru-cache" "^7.10.2"

"@hapi/iron@6.x.x":
  "integrity" "sha512-zvGvWDufiTGpTJPG1Y/McN8UqWBu0k/xs/7l++HVU535NLHXsHhy54cfEMdW7EjwKfbBfM9Xy25FmTiobb7Hvw=="
  "resolved" "https://registry.npmjs.org/@hapi/iron/-/iron-6.0.0.tgz"
  "version" "6.0.0"
  dependencies:
    "@hapi/b64" "5.x.x"
    "@hapi/boom" "9.x.x"
    "@hapi/bourne" "2.x.x"
    "@hapi/cryptiles" "5.x.x"
    "@hapi/hoek" "9.x.x"

"@hapi/mimos@^6.0.0":
  "integrity" "sha512-Op/67tr1I+JafN3R3XN5DucVSxKRT/Tc+tUszDwENoNpolxeXkhrJ2Czt6B6AAqrespHoivhgZBWYSuANN9QXg=="
  "resolved" "https://registry.npmjs.org/@hapi/mimos/-/mimos-6.0.0.tgz"
  "version" "6.0.0"
  dependencies:
    "@hapi/hoek" "9.x.x"
    "mime-db" "1.x.x"

"@hapi/nigel@4.x.x":
  "integrity" "sha512-ht2KoEsDW22BxQOEkLEJaqfpoKPXxi7tvabXy7B/77eFtOyG5ZEstfZwxHQcqAiZhp58Ae5vkhEqI03kawkYNw=="
  "resolved" "https://registry.npmjs.org/@hapi/nigel/-/nigel-4.0.2.tgz"
  "version" "4.0.2"
  dependencies:
    "@hapi/hoek" "^9.0.4"
    "@hapi/vise" "^4.0.0"

"@hapi/pez@^5.0.1":
  "integrity" "sha512-mpikYRJjtrbJgdDHG/H9ySqYqwJ+QU/D7FXsYciS9P7NYBXE2ayKDAy3H0ou6CohOCaxPuTV4SZ0D936+VomHA=="
  "resolved" "https://registry.npmjs.org/@hapi/pez/-/pez-5.0.3.tgz"
  "version" "5.0.3"
  dependencies:
    "@hapi/b64" "5.x.x"
    "@hapi/boom" "9.x.x"
    "@hapi/content" "^5.0.2"
    "@hapi/hoek" "9.x.x"
    "@hapi/nigel" "4.x.x"

"@hapi/podium@^4.1.1", "@hapi/podium@4.x.x":
  "integrity" "sha512-ljsKGQzLkFqnQxE7qeanvgGj4dejnciErYd30dbrYzUOF/FyS/DOF97qcrT3bhoVwCYmxa6PEMhxfCPlnUcD2g=="
  "resolved" "https://registry.npmjs.org/@hapi/podium/-/podium-4.1.3.tgz"
  "version" "4.1.3"
  dependencies:
    "@hapi/hoek" "9.x.x"
    "@hapi/teamwork" "5.x.x"
    "@hapi/validate" "1.x.x"

"@hapi/shot@^5.0.5":
  "integrity" "sha512-x5AMSZ5+j+Paa8KdfCoKh+klB78otxF+vcJR/IoN91Vo2e5ulXIW6HUsFTCU+4W6P/Etaip9nmdAx2zWDimB2A=="
  "resolved" "https://registry.npmjs.org/@hapi/shot/-/shot-5.0.5.tgz"
  "version" "5.0.5"
  dependencies:
    "@hapi/hoek" "9.x.x"
    "@hapi/validate" "1.x.x"

"@hapi/somever@^3.0.0":
  "integrity" "sha512-4ZTSN3YAHtgpY/M4GOtHUXgi6uZtG9nEZfNI6QrArhK0XN/RDVgijlb9kOmXwCR5VclDSkBul9FBvhSuKXx9+w=="
  "resolved" "https://registry.npmjs.org/@hapi/somever/-/somever-3.0.1.tgz"
  "version" "3.0.1"
  dependencies:
    "@hapi/bounce" "2.x.x"
    "@hapi/hoek" "9.x.x"

"@hapi/statehood@^7.0.4":
  "integrity" "sha512-Fia6atroOVmc5+2bNOxF6Zv9vpbNAjEXNcUbWXavDqhnJDlchwUUwKS5LCi5mGtCTxRhUKKHwuxuBZJkmLZ7fw=="
  "resolved" "https://registry.npmjs.org/@hapi/statehood/-/statehood-7.0.4.tgz"
  "version" "7.0.4"
  dependencies:
    "@hapi/boom" "9.x.x"
    "@hapi/bounce" "2.x.x"
    "@hapi/bourne" "2.x.x"
    "@hapi/cryptiles" "5.x.x"
    "@hapi/hoek" "9.x.x"
    "@hapi/iron" "6.x.x"
    "@hapi/validate" "1.x.x"

"@hapi/subtext@^7.0.3":
  "integrity" "sha512-Y72moHhbRuO8kwBHFEnCRw7oOnhNh4Pl+aonxAze18jkyMpE4Gwz4lNID7ei8vd3lpXC2rKdkxXJgtfY+WttRw=="
  "resolved" "https://registry.npmjs.org/@hapi/subtext/-/subtext-7.0.4.tgz"
  "version" "7.0.4"
  dependencies:
    "@hapi/boom" "9.x.x"
    "@hapi/bourne" "2.x.x"
    "@hapi/content" "^5.0.2"
    "@hapi/file" "2.x.x"
    "@hapi/hoek" "9.x.x"
    "@hapi/pez" "^5.0.1"
    "@hapi/wreck" "17.x.x"

"@hapi/teamwork@^5.1.1", "@hapi/teamwork@5.x.x":
  "integrity" "sha512-1oPx9AE5TIv+V6Ih54RP9lTZBso3rP8j4Xhb6iSVwPXtAM+sDopl5TFMv5Paw73UnpZJ9gjcrTE1BXrWt9eQrg=="
  "resolved" "https://registry.npmjs.org/@hapi/teamwork/-/teamwork-5.1.1.tgz"
  "version" "5.1.1"

"@hapi/topo@^5.0.0":
  "integrity" "sha512-foQZKJig7Ob0BMAYBfcJk8d77QtOe7Wo4ox7ff1lQYoNNAb6jwcY1ncdoy2e9wQZzvNy7ODZCYJkK8kzmcAnAg=="
  "resolved" "https://registry.npmjs.org/@hapi/topo/-/topo-5.1.0.tgz"
  "version" "5.1.0"
  dependencies:
    "@hapi/hoek" "^9.0.0"

"@hapi/topo@^6.0.0":
  "integrity" "sha512-aorJvN1Q1n5xrZuA50Z4X6adI6VAM2NalIVm46ALL9LUvdoqhof3JPY69jdJH8asM3PsWr2SUVYzp57EqUP41A=="
  "resolved" "https://registry.npmjs.org/@hapi/topo/-/topo-6.0.0.tgz"
  "version" "6.0.0"
  dependencies:
    "@hapi/hoek" "^10.0.0"

"@hapi/validate@^1.1.1", "@hapi/validate@1.x.x":
  "integrity" "sha512-/XMR0N0wjw0Twzq2pQOzPBZlDzkekGcoCtzO314BpIEsbXdYGthQUbxgkGDf4nhk1+IPDAsXqWjMohRQYO06UA=="
  "resolved" "https://registry.npmjs.org/@hapi/validate/-/validate-1.1.3.tgz"
  "version" "1.1.3"
  dependencies:
    "@hapi/hoek" "^9.0.0"
    "@hapi/topo" "^5.0.0"

"@hapi/validate@^2.0.0":
  "integrity" "sha512-w5m8MvBgqGndbMIB+AWmXTb8CLtF1DlIxbnbAHNAo7aFuNQuI1Ywc2e0zDLK5fbFXDoqRzNrHnC7JjNJ+hDigw=="
  "resolved" "https://registry.npmjs.org/@hapi/validate/-/validate-2.0.0.tgz"
  "version" "2.0.0"
  dependencies:
    "@hapi/hoek" "^10.0.0"
    "@hapi/topo" "^6.0.0"

"@hapi/vise@^4.0.0":
  "integrity" "sha512-eYyLkuUiFZTer59h+SGy7hUm+qE9p+UemePTHLlIWppEd+wExn3Df5jO04bFQTm7nleF5V8CtuYQYb+VFpZ6Sg=="
  "resolved" "https://registry.npmjs.org/@hapi/vise/-/vise-4.0.0.tgz"
  "version" "4.0.0"
  dependencies:
    "@hapi/hoek" "9.x.x"

"@hapi/wreck@17.x.x":
  "integrity" "sha512-pJ5kjYoRPYDv+eIuiLQqhGon341fr2bNIYZjuotuPJG/3Ilzr/XtI+JAp0A86E2bYfsS3zBPABuS2ICkaXFT8g=="
  "resolved" "https://registry.npmjs.org/@hapi/wreck/-/wreck-17.2.0.tgz"
  "version" "17.2.0"
  dependencies:
    "@hapi/boom" "9.x.x"
    "@hapi/bourne" "2.x.x"
    "@hapi/hoek" "9.x.x"

"@sideway/address@^4.1.3":
  "integrity" "sha512-7vwq+rOHVWjyXxVlR76Agnvhy8I9rpzjosTESvmhNeXOXdZZB15Fl+TI9x1SiHZH5Jv2wTGduSxFDIaq0m3DUw=="
  "resolved" "https://registry.npmjs.org/@sideway/address/-/address-4.1.4.tgz"
  "version" "4.1.4"
  dependencies:
    "@hapi/hoek" "^9.0.0"

"@sideway/formula@^3.0.0":
  "integrity" "sha512-vHe7wZ4NOXVfkoRb8T5otiENVlT7a3IAiw7H5M2+GO+9CDgcVUUsX1zalAztCmwyOr2RUTGJdgB+ZvSVqmdHmg=="
  "resolved" "https://registry.npmjs.org/@sideway/formula/-/formula-3.0.0.tgz"
  "version" "3.0.0"

"@sideway/pinpoint@^2.0.0":
  "integrity" "sha512-RNiOoTPkptFtSVzQevY/yWtZwf/RxyVnPy/OcA9HBM3MlGDnBEYL5B41H0MTn0Uec8Hi+2qUtTfG2WWZBmMejQ=="
  "resolved" "https://registry.npmjs.org/@sideway/pinpoint/-/pinpoint-2.0.0.tgz"
  "version" "2.0.0"

"@woocommerce/woocommerce-rest-api@^1.0.1":
  "integrity" "sha512-YBk3EEYE0zax/egx6Rhpbu6hcCFyZpYQrjH9JO4NUGU3n3T0W9Edn7oAUbjL/c7Oezcg+UaQluCaKjY/B3zwxg=="
  "resolved" "https://registry.npmjs.org/@woocommerce/woocommerce-rest-api/-/woocommerce-rest-api-1.0.1.tgz"
  "version" "1.0.1"
  dependencies:
    "axios" "^0.19.0"
    "create-hmac" "^1.1.7"
    "oauth-1.0a" "^2.2.6"
    "url-parse" "^1.4.7"

"abbrev@1":
  "integrity" "sha512-nne9/IiQ/hzIhY6pdDnbBtz7DjPTKrY00P/zvPSm5pOFkl6xuGrGnXn/VtTNNfNtAfZ9/1RtehkszU9qcTii0Q=="
  "resolved" "https://registry.npmjs.org/abbrev/-/abbrev-1.1.1.tgz"
  "version" "1.1.1"

"ammo@3.x.x":
  "integrity" "sha512-vo76VJ44MkUBZL/BzpGXaKzMfroF4ZR6+haRuw9p+eSWfoNaH2AxVc8xmiEPC08jhzJSeM6w7/iMUGet8b4oBQ=="
  "resolved" "https://registry.npmjs.org/ammo/-/ammo-3.0.3.tgz"
  "version" "3.0.3"
  dependencies:
    "hoek" "6.x.x"

"anymatch@~3.1.2":
  "integrity" "sha512-P43ePfOAIupkguHUycrc4qJ9kz8ZiuOUijaETwX7THt0Y/GNK7v0aa8rY816xWjZ7rJdA5XdMcpVFTKMq+RvWg=="
  "resolved" "https://registry.npmjs.org/anymatch/-/anymatch-3.1.2.tgz"
  "version" "3.1.2"
  dependencies:
    "normalize-path" "^3.0.0"
    "picomatch" "^2.0.4"

"assert-options@0.7.0":
  "integrity" "sha512-7q9uNH/Dh8gFgpIIb9ja8PJEWA5AQy3xnBC8jtKs8K/gNVCr1K6kIvlm59HUyYgvM7oEDoLzGgPcGd9FqhtXEQ=="
  "resolved" "https://registry.npmjs.org/assert-options/-/assert-options-0.7.0.tgz"
  "version" "0.7.0"

"axios@^0.19.0":
  "integrity" "sha512-fjgm5MvRHLhx+osE2xoekY70AhARk3a6hkN+3Io1jc00jtquGvxYlKlsFUhmUET0V5te6CcZI7lcv2Ym61mjHA=="
  "resolved" "https://registry.npmjs.org/axios/-/axios-0.19.2.tgz"
  "version" "0.19.2"
  dependencies:
    "follow-redirects" "1.5.10"

"balanced-match@^1.0.0":
  "integrity" "sha512-3oSeUO0TMV67hN1AmbXsK4yaqU7tjiHlbxRDZOpH0KW9+CeX4bRAaX0Anxt0tx2MrpRpWwQaPwIlISEJhYU5Pw=="
  "resolved" "https://registry.npmjs.org/balanced-match/-/balanced-match-1.0.2.tgz"
  "version" "1.0.2"

"binary-extensions@^2.0.0":
  "integrity" "sha512-jDctJ/IVQbZoJykoeHbhXpOlNBqGNcwXJKJog42E5HDPUwQTSdjCHdihjj0DlnheQ7blbT6dHOafNAiS8ooQKA=="
  "resolved" "https://registry.npmjs.org/binary-extensions/-/binary-extensions-2.2.0.tgz"
  "version" "2.2.0"

"boom@7.x.x":
  "integrity" "sha512-Swpoyi2t5+GhOEGw8rEsKvTxFLIDiiKoUc2gsoV6Lyr43LHBIzch3k2MvYUs8RTROrIkVJ3Al0TkaOGjnb+B6A=="
  "resolved" "https://registry.npmjs.org/boom/-/boom-7.3.0.tgz"
  "version" "7.3.0"
  dependencies:
    "hoek" "6.x.x"

"bounce@1.x.x":
  "integrity" "sha512-3G7B8CyBnip5EahCZJjnvQ1HLyArC6P5e+xcolo13BVI9ogFaDOsNMAE7FIWliHtIkYI8/nTRCvCY9tZa3Mu4g=="
  "resolved" "https://registry.npmjs.org/bounce/-/bounce-1.2.3.tgz"
  "version" "1.2.3"
  dependencies:
    "boom" "7.x.x"
    "hoek" "6.x.x"

"brace-expansion@^1.1.7":
  "integrity" "sha512-iCuPHDFgrHX7H2vEI/5xpz07zSHB00TpugqhmYtVmMO6518mCuRMoOYFldEBl0g187ufozdaHgWKcYFb61qGiA=="
  "resolved" "https://registry.npmjs.org/brace-expansion/-/brace-expansion-1.1.11.tgz"
  "version" "1.1.11"
  dependencies:
    "balanced-match" "^1.0.0"
    "concat-map" "0.0.1"

"braces@~3.0.2":
  "integrity" "sha512-b8um+L1RzM3WDSzvhm6gIz1yfTbBt6YTlcEKAvsmqCZZFw46z626lVj9j1yEPW33H5H+lBQpZMP1k8l+78Ha0A=="
  "resolved" "https://registry.npmjs.org/braces/-/braces-3.0.2.tgz"
  "version" "3.0.2"
  dependencies:
    "fill-range" "^7.0.1"

"buffer-writer@2.0.0":
  "integrity" "sha512-a7ZpuTZU1TRtnwyCNW3I5dc0wWNC3VR9S++Ewyk2HHZdrO3CQJqSpd+95Us590V6AL7JqUAH2IwZ/398PmNFgw=="
  "resolved" "https://registry.npmjs.org/buffer-writer/-/buffer-writer-2.0.0.tgz"
  "version" "2.0.0"

"chokidar@^3.5.2":
  "integrity" "sha512-Dr3sfKRP6oTcjf2JmUmFJfeVMvXBdegxB0iVQ5eb2V10uFJUCAS8OByZdVAyVb8xXNz3GjjTgj9kLWsZTqE6kw=="
  "resolved" "https://registry.npmjs.org/chokidar/-/chokidar-3.5.3.tgz"
  "version" "3.5.3"
  dependencies:
    "anymatch" "~3.1.2"
    "braces" "~3.0.2"
    "glob-parent" "~5.1.2"
    "is-binary-path" "~2.1.0"
    "is-glob" "~4.0.1"
    "normalize-path" "~3.0.0"
    "readdirp" "~3.6.0"
  optionalDependencies:
    "fsevents" "~2.3.2"

"cipher-base@^1.0.1", "cipher-base@^1.0.3":
  "integrity" "sha512-Kkht5ye6ZGmwv40uUDZztayT2ThLQGfnj/T71N/XzeZeo3nf8foyW7zGTsPYkEya3m5f3cAypH+qe7YOrM1U2Q=="
  "resolved" "https://registry.npmjs.org/cipher-base/-/cipher-base-1.0.4.tgz"
  "version" "1.0.4"
  dependencies:
    "inherits" "^2.0.1"
    "safe-buffer" "^5.0.1"

"concat-map@0.0.1":
  "integrity" "sha512-/Srv4dswyQNBfohGpz9o6Yb3Gz3SrUDqBH5rTuhGR7ahtlbYKnVxw2bCFMRljaA7EXHaXZ8wsHdodFvbkhKmqg=="
  "resolved" "https://registry.npmjs.org/concat-map/-/concat-map-0.0.1.tgz"
  "version" "0.0.1"

"create-hash@^1.1.0":
  "integrity" "sha512-z00bCGNHDG8mHAkP7CtT1qVu+bFQUPjYq/4Iv3C3kWjTFV10zIjfSoeqXo9Asws8gwSHDGj/hl2u4OGIjapeCg=="
  "resolved" "https://registry.npmjs.org/create-hash/-/create-hash-1.2.0.tgz"
  "version" "1.2.0"
  dependencies:
    "cipher-base" "^1.0.1"
    "inherits" "^2.0.1"
    "md5.js" "^1.3.4"
    "ripemd160" "^2.0.1"
    "sha.js" "^2.4.0"

"create-hmac@^1.1.7":
  "integrity" "sha512-MJG9liiZ+ogc4TzUwuvbER1JRdgvUFSB5+VR/g5h82fGaIRWMWddtKBHi7/sVhfjQZ6SehlyhvQYrcYkaUIpLg=="
  "resolved" "https://registry.npmjs.org/create-hmac/-/create-hmac-1.1.7.tgz"
  "version" "1.1.7"
  dependencies:
    "cipher-base" "^1.0.3"
    "create-hash" "^1.1.0"
    "inherits" "^2.0.1"
    "ripemd160" "^2.0.0"
    "safe-buffer" "^5.0.1"
    "sha.js" "^2.4.8"

"debug@^3.2.7":
  "integrity" "sha512-CFjzYYAi4ThfiQvizrFQevTTXHtnCqWfe7x1AhgEscTz6ZbLbfoLRLPugTQyBth6f8ZERVUSyWHFD/7Wu4t1XQ=="
  "resolved" "https://registry.npmjs.org/debug/-/debug-3.2.7.tgz"
  "version" "3.2.7"
  dependencies:
    "ms" "^2.1.1"

"debug@=3.1.0":
  "integrity" "sha512-OX8XqP7/1a9cqkxYw2yXss15f26NKWBpDXQd0/uK/KPqdQhxbPa994hnzjcE2VqQpDslf55723cKPUOGSmMY3g=="
  "resolved" "https://registry.npmjs.org/debug/-/debug-3.1.0.tgz"
  "version" "3.1.0"
  dependencies:
    "ms" "2.0.0"

"fill-range@^7.0.1":
  "integrity" "sha512-qOo9F+dMUmC2Lcb4BbVvnKJxTPjCm+RRpe4gDuGrzkL7mEVl/djYSu2OdQ2Pa302N4oqkSg9ir6jaLWJ2USVpQ=="
  "resolved" "https://registry.npmjs.org/fill-range/-/fill-range-7.0.1.tgz"
  "version" "7.0.1"
  dependencies:
    "to-regex-range" "^5.0.1"

"follow-redirects@1.5.10":
  "integrity" "sha512-0V5l4Cizzvqt5D44aTXbFZz+FtyXV1vrDN6qrelxtfYQKW0KO0W2T/hkE8xvGa/540LkZlkaUjO4ailYTFtHVQ=="
  "resolved" "https://registry.npmjs.org/follow-redirects/-/follow-redirects-1.5.10.tgz"
  "version" "1.5.10"
  dependencies:
    "debug" "=3.1.0"

"fs@^0.0.1-security":
  "integrity" "sha512-3XY9e1pP0CVEUCdj5BmfIZxRBTSDycnbqhIOGec9QYtmVH2fbLpj86CFWkrNOkt/Fvty4KZG5lTglL9j/gJ87w=="
  "resolved" "https://registry.npmjs.org/fs/-/fs-0.0.1-security.tgz"
  "version" "0.0.1-security"

"glob-parent@~5.1.2":
  "integrity" "sha512-AOIgSQCepiJYwP3ARnGx+5VnTu2HBYdzbGP45eLw1vr3zB3vZLeyed1sC9hnbcOc9/SrMyM5RPQrkGz4aS9Zow=="
  "resolved" "https://registry.npmjs.org/glob-parent/-/glob-parent-5.1.2.tgz"
  "version" "5.1.2"
  dependencies:
    "is-glob" "^4.0.1"

"has-flag@^3.0.0":
  "integrity" "sha512-sKJf1+ceQBr4SMkvQnBDNDtf4TXpVhVGateu0t918bl30FnbE2m4vNLX+VWe/dpjlb+HugGYzW7uQXH98HPEYw=="
  "resolved" "https://registry.npmjs.org/has-flag/-/has-flag-3.0.0.tgz"
  "version" "3.0.0"

"hash-base@^3.0.0":
  "integrity" "sha512-1nmYp/rhMDiE7AYkDw+lLwlAzz0AntGIe51F3RfFfEqyQ3feY2eI/NcwC6umIQVOASPMsWJLJScWKSSvzL9IVA=="
  "resolved" "https://registry.npmjs.org/hash-base/-/hash-base-3.1.0.tgz"
  "version" "3.1.0"
  dependencies:
    "inherits" "^2.0.4"
    "readable-stream" "^3.6.0"
    "safe-buffer" "^5.2.0"

"hoek@6.x.x":
  "integrity" "sha512-YXXAAhmF9zpQbC7LEcREFtXfGq5K1fmd+4PHkBq8NUqmzW3G+Dq10bI/i0KucLRwss3YYFQ0fSfoxBZYiGUqtQ=="
  "resolved" "https://registry.npmjs.org/hoek/-/hoek-6.1.3.tgz"
  "version" "6.1.3"

"ignore-by-default@^1.0.1":
  "integrity" "sha512-Ius2VYcGNk7T90CppJqcIkS5ooHUZyIQK+ClZfMfMNFEF9VSE73Fq+906u/CWu92x4gzZMWOwfFYckPObzdEbA=="
  "resolved" "https://registry.npmjs.org/ignore-by-default/-/ignore-by-default-1.0.1.tgz"
  "version" "1.0.1"

"inert@^5.1.3":
  "integrity" "sha512-xLtqTOcJe+/RBaXkH0ZFai91SFj1a27ZXjFLLyiezLGhZCkBvMA+YGe6hNVVA678mb4EudKW35q1hATkxfUvMA=="
  "resolved" "https://registry.npmjs.org/inert/-/inert-5.1.3.tgz"
  "version" "5.1.3"
  dependencies:
    "ammo" "3.x.x"
    "boom" "7.x.x"
    "bounce" "1.x.x"
    "hoek" "6.x.x"
    "joi" "14.x.x"
    "lru-cache" "4.1.x"

"inherits@^2.0.1", "inherits@^2.0.3", "inherits@^2.0.4":
  "integrity" "sha512-k/vGaX4/Yla3WzyMCvTQOXYeIHvqOKtnqBduzTHpzpQZzAskKMhZ2K+EnBiSM9zGSoIFeMpXKxa4dYeZIQqewQ=="
  "resolved" "https://registry.npmjs.org/inherits/-/inherits-2.0.4.tgz"
  "version" "2.0.4"

"inherits@2.0.3":
  "integrity" "sha512-x00IRNXNy63jwGkJmzPigoySHbaqpNuzKbBOmzK+g2OdZpQ9w+sxCN+VSB3ja7IAge2OP2qpfxTjeNcyjmW1uw=="
  "resolved" "https://registry.npmjs.org/inherits/-/inherits-2.0.3.tgz"
  "version" "2.0.3"

"is-binary-path@~2.1.0":
  "integrity" "sha512-ZMERYes6pDydyuGidse7OsHxtbI7WVeUEozgR/g7rd0xUimYNlvZRE/K2MgZTjWy725IfelLeVcEM97mmtRGXw=="
  "resolved" "https://registry.npmjs.org/is-binary-path/-/is-binary-path-2.1.0.tgz"
  "version" "2.1.0"
  dependencies:
    "binary-extensions" "^2.0.0"

"is-extglob@^2.1.1":
  "integrity" "sha512-SbKbANkN603Vi4jEZv49LeVJMn4yGwsbzZworEoyEiutsN3nJYdbO36zfhGJ6QEDpOZIFkDtnq5JRxmvl3jsoQ=="
  "resolved" "https://registry.npmjs.org/is-extglob/-/is-extglob-2.1.1.tgz"
  "version" "2.1.1"

"is-glob@^4.0.1", "is-glob@~4.0.1":
  "integrity" "sha512-xelSayHH36ZgE7ZWhli7pW34hNbNl8Ojv5KVmkJD4hBdD3th8Tfk9vYasLM+mXWOZhFkgZfxhLSnrwRr4elSSg=="
  "resolved" "https://registry.npmjs.org/is-glob/-/is-glob-4.0.3.tgz"
  "version" "4.0.3"
  dependencies:
    "is-extglob" "^2.1.1"

"is-number@^7.0.0":
  "integrity" "sha512-41Cifkg6e8TylSpdtTpeLVMqvSBEVzTttHvERD741+pnZ8ANv0004MRL43QKPDlK9cGvNp6NZWZUBlbGXYxxng=="
  "resolved" "https://registry.npmjs.org/is-number/-/is-number-7.0.0.tgz"
  "version" "7.0.0"

"isemail@3.x.x":
  "integrity" "sha512-zKqkK+O+dGqevc93KNsbZ/TqTUFd46MwWjYOoMrjIMZ51eU7DtQG3Wmd9SQQT7i7RVnuTPEiYEWHU3MSbxC1Tg=="
  "resolved" "https://registry.npmjs.org/isemail/-/isemail-3.2.0.tgz"
  "version" "3.2.0"
  dependencies:
    "punycode" "2.x.x"

"joi@^17.7.0":
  "integrity" "sha512-1/ugc8djfn93rTE3WRKdCzGGt/EtiYKxITMO4Wiv6q5JL1gl9ePt4kBsl1S499nbosspfctIQTpYIhSmHA3WAg=="
  "resolved" "https://registry.npmjs.org/joi/-/joi-17.7.0.tgz"
  "version" "17.7.0"
  dependencies:
    "@hapi/hoek" "^9.0.0"
    "@hapi/topo" "^5.0.0"
    "@sideway/address" "^4.1.3"
    "@sideway/formula" "^3.0.0"
    "@sideway/pinpoint" "^2.0.0"

"joi@14.x.x":
  "integrity" "sha512-LQDdM+pkOrpAn4Lp+neNIFV3axv1Vna3j38bisbQhETPMANYRbFJFUyOZcOClYvM/hppMhGWuKSFEK9vjrB+bQ=="
  "resolved" "https://registry.npmjs.org/joi/-/joi-14.3.1.tgz"
  "version" "14.3.1"
  dependencies:
    "hoek" "6.x.x"
    "isemail" "3.x.x"
    "topo" "3.x.x"

"lru-cache@^7.10.2":
  "integrity" "sha512-ysxwsnTKdAx96aTRdhDOCQfDgbHnt8SK0KY8SEjO0wHinhWOFTESbjVCMPbU1uGXg/ch4lifqx0wfjOawU2+WA=="
  "resolved" "https://registry.npmjs.org/lru-cache/-/lru-cache-7.14.1.tgz"
  "version" "7.14.1"

"lru-cache@4.1.x":
  "integrity" "sha512-sWZlbEP2OsHNkXrMl5GYk/jKk70MBng6UU4YI/qGDYbgf6YbP4EvmqISbXCoJiRKs+1bSpFHVgQxvJ17F2li5g=="
  "resolved" "https://registry.npmjs.org/lru-cache/-/lru-cache-4.1.5.tgz"
  "version" "4.1.5"
  dependencies:
    "pseudomap" "^1.0.2"
    "yallist" "^2.1.2"

"md5.js@^1.3.4":
  "integrity" "sha512-xitP+WxNPcTTOgnTJcrhM0xvdPepipPSf3I8EIpGKeFLjt3PlJLIDG3u8EX53ZIubkb+5U2+3rELYpEhHhzdkg=="
  "resolved" "https://registry.npmjs.org/md5.js/-/md5.js-1.3.5.tgz"
  "version" "1.3.5"
  dependencies:
    "hash-base" "^3.0.0"
    "inherits" "^2.0.1"
    "safe-buffer" "^5.1.2"

"mime-db@1.x.x":
  "integrity" "sha512-sPU4uV7dYlvtWJxwwxHD0PuihVNiE7TyAbQ5SWxDCB9mUYvOgroQOwYQQOKPJ8CIbE+1ETVlOoK1UC2nU3gYvg=="
  "resolved" "https://registry.npmjs.org/mime-db/-/mime-db-1.52.0.tgz"
  "version" "1.52.0"

"minimatch@^3.1.2":
  "integrity" "sha512-J7p63hRiAjw1NDEww1W7i37+ByIrOWO5XQQAzZ3VOcL0PNybwpfmV/N05zFAzwQ9USyEcX6t3UO+K5aqBQOIHw=="
  "resolved" "https://registry.npmjs.org/minimatch/-/minimatch-3.1.2.tgz"
  "version" "3.1.2"
  dependencies:
    "brace-expansion" "^1.1.7"

"ms@^2.1.1":
  "integrity" "sha512-6FlzubTLZG3J2a/NVCAleEhjzq5oxgHyaCU9yYXvcLsvoVaHJq/s5xXI6/XXP6tz7R9xAOtHnSO/tXtF3WRTlA=="
  "resolved" "https://registry.npmjs.org/ms/-/ms-2.1.3.tgz"
  "version" "2.1.3"

"ms@2.0.0":
  "integrity" "sha512-Tpp60P6IUJDTuOq/5Z8cdskzJujfwqfOTkrwIwj7IRISpnkJnT6SyJ4PCPnGMoFjC9ddhal5KVIYtAt97ix05A=="
  "resolved" "https://registry.npmjs.org/ms/-/ms-2.0.0.tgz"
  "version" "2.0.0"

"nodemon@^2.0.20":
  "integrity" "sha512-Km2mWHKKY5GzRg6i1j5OxOHQtuvVsgskLfigG25yTtbyfRGn/GNvIbRyOf1PSCKJ2aT/58TiuUsuOU5UToVViw=="
  "resolved" "https://registry.npmjs.org/nodemon/-/nodemon-2.0.20.tgz"
  "version" "2.0.20"
  dependencies:
    "chokidar" "^3.5.2"
    "debug" "^3.2.7"
    "ignore-by-default" "^1.0.1"
    "minimatch" "^3.1.2"
    "pstree.remy" "^1.1.8"
    "semver" "^5.7.1"
    "simple-update-notifier" "^1.0.7"
    "supports-color" "^5.5.0"
    "touch" "^3.1.0"
    "undefsafe" "^2.0.5"

"nopt@~1.0.10":
  "integrity" "sha512-NWmpvLSqUrgrAC9HCuxEvb+PSloHpqVu+FqcO4eeF2h5qYRhA7ev6KvelyQAKtegUbC6RypJnlEOhd8vloNKYg=="
  "resolved" "https://registry.npmjs.org/nopt/-/nopt-1.0.10.tgz"
  "version" "1.0.10"
  dependencies:
    "abbrev" "1"

"normalize-path@^3.0.0", "normalize-path@~3.0.0":
  "integrity" "sha512-6eZs5Ls3WtCisHWp9S2GUy8dqkpGi4BVSz3GaqiE6ezub0512ESztXUwUB6C6IKbQkY2Pnb/mD4WYojCRwcwLA=="
  "resolved" "https://registry.npmjs.org/normalize-path/-/normalize-path-3.0.0.tgz"
  "version" "3.0.0"

"oauth-1.0a@^2.2.6":
  "integrity" "sha512-6bkxv3N4Gu5lty4viIcIAnq5GbxECviMBeKR3WX/q87SPQ8E8aursPZUtsXDnxCs787af09WPRBLqYrf/lwoYQ=="
  "resolved" "https://registry.npmjs.org/oauth-1.0a/-/oauth-1.0a-2.2.6.tgz"
  "version" "2.2.6"

"packet-reader@1.0.0":
  "integrity" "sha512-HAKu/fG3HpHFO0AA8WE8q2g+gBJaZ9MG7fcKk+IJPLTGAD6Psw4443l+9DGRbOIh3/aXr7Phy0TjilYivJo5XQ=="
  "resolved" "https://registry.npmjs.org/packet-reader/-/packet-reader-1.0.0.tgz"
  "version" "1.0.0"

"path@^0.12.7":
  "integrity" "sha512-aXXC6s+1w7otVF9UletFkFcDsJeO7lSZBPUQhtb5O0xJe8LtYhj/GxldoL09bBj9+ZmE2hNoHqQSFMN5fikh4Q=="
  "resolved" "https://registry.npmjs.org/path/-/path-0.12.7.tgz"
  "version" "0.12.7"
  dependencies:
    "process" "^0.11.1"
    "util" "^0.10.3"

"pg-connection-string@^2.5.0":
  "integrity" "sha512-r5o/V/ORTA6TmUnyWZR9nCj1klXCO2CEKNRlVuJptZe85QuhFayC7WeMic7ndayT5IRIR0S0xFxFi2ousartlQ=="
  "resolved" "https://registry.npmjs.org/pg-connection-string/-/pg-connection-string-2.5.0.tgz"
  "version" "2.5.0"

"pg-int8@1.0.1":
  "integrity" "sha512-WCtabS6t3c8SkpDBUlb1kjOs7l66xsGdKpIPZsg4wR+B3+u9UAum2odSsF9tnvxg80h4ZxLWMy4pRjOsFIqQpw=="
  "resolved" "https://registry.npmjs.org/pg-int8/-/pg-int8-1.0.1.tgz"
  "version" "1.0.1"

"pg-minify@1.6.2":
  "integrity" "sha512-1KdmFGGTP6jplJoI8MfvRlfvMiyBivMRP7/ffh4a11RUFJ7kC2J0ZHlipoKiH/1hz+DVgceon9U2qbaHpPeyPg=="
  "resolved" "https://registry.npmjs.org/pg-minify/-/pg-minify-1.6.2.tgz"
  "version" "1.6.2"

"pg-pool@^3.5.2":
  "integrity" "sha512-His3Fh17Z4eg7oANLob6ZvH8xIVen3phEZh2QuyrIl4dQSDVEabNducv6ysROKpDNPSD+12tONZVWfSgMvDD9w=="
  "resolved" "https://registry.npmjs.org/pg-pool/-/pg-pool-3.5.2.tgz"
  "version" "3.5.2"

"pg-promise@^10.12.1":
  "integrity" "sha512-SiJkBUDGq7PNfJFJbWferodsSH+vLrhte0Q0kVgQbwlNYeKmp9Hhkr+357+5DWEuBGOHhSu1UQffSSf5HVqRtA=="
  "resolved" "https://registry.npmjs.org/pg-promise/-/pg-promise-10.12.1.tgz"
  "version" "10.12.1"
  dependencies:
    "assert-options" "0.7.0"
    "pg" "8.8.0"
    "pg-minify" "1.6.2"
    "spex" "3.2.0"

"pg-protocol@^1.5.0":
  "integrity" "sha512-muRttij7H8TqRNu/DxrAJQITO4Ac7RmX3Klyr/9mJEOBeIpgnF8f9jAfRz5d3XwQZl5qBjF9gLsUtMPJE0vezQ=="
  "resolved" "https://registry.npmjs.org/pg-protocol/-/pg-protocol-1.5.0.tgz"
  "version" "1.5.0"

"pg-types@^2.1.0":
  "integrity" "sha512-qTAAlrEsl8s4OiEQY69wDvcMIdQN6wdz5ojQiOy6YRMuynxenON0O5oCpJI6lshc6scgAY8qvJ2On/p+CXY0GA=="
  "resolved" "https://registry.npmjs.org/pg-types/-/pg-types-2.2.0.tgz"
  "version" "2.2.0"
  dependencies:
    "pg-int8" "1.0.1"
    "postgres-array" "~2.0.0"
    "postgres-bytea" "~1.0.0"
    "postgres-date" "~1.0.4"
    "postgres-interval" "^1.1.0"

"pg@^8.8.0", "pg@>=8.0", "pg@8.8.0":
  "integrity" "sha512-UXYN0ziKj+AeNNP7VDMwrehpACThH7LUl/p8TDFpEUuSejCUIwGSfxpHsPvtM6/WXFy6SU4E5RG4IJV/TZAGjw=="
  "resolved" "https://registry.npmjs.org/pg/-/pg-8.8.0.tgz"
  "version" "8.8.0"
  dependencies:
    "buffer-writer" "2.0.0"
    "packet-reader" "1.0.0"
    "pg-connection-string" "^2.5.0"
    "pg-pool" "^3.5.2"
    "pg-protocol" "^1.5.0"
    "pg-types" "^2.1.0"
    "pgpass" "1.x"

"pgpass@1.x":
  "integrity" "sha512-FdW9r/jQZhSeohs1Z3sI1yxFQNFvMcnmfuj4WBMUTxOrAyLMaTcE1aAMBiTlbMNaXvBCQuVi0R7hd8udDSP7ug=="
  "resolved" "https://registry.npmjs.org/pgpass/-/pgpass-1.0.5.tgz"
  "version" "1.0.5"
  dependencies:
    "split2" "^4.1.0"

"picomatch@^2.0.4", "picomatch@^2.2.1":
  "integrity" "sha512-JU3teHTNjmE2VCGFzuY8EXzCDVwEqB2a8fsIvwaStHhAWJEeVd1o1QD80CU6+ZdEXXSLbSsuLwJjkCBWqRQUVA=="
  "resolved" "https://registry.npmjs.org/picomatch/-/picomatch-2.3.1.tgz"
  "version" "2.3.1"

"postgres-array@~2.0.0":
  "integrity" "sha512-VpZrUqU5A69eQyW2c5CA1jtLecCsN2U/bD6VilrFDWq5+5UIEVO7nazS3TEcHf1zuPYO/sqGvUvW62g86RXZuA=="
  "resolved" "https://registry.npmjs.org/postgres-array/-/postgres-array-2.0.0.tgz"
  "version" "2.0.0"

"postgres-bytea@~1.0.0":
  "integrity" "sha512-xy3pmLuQqRBZBXDULy7KbaitYqLcmxigw14Q5sj8QBVLqEwXfeybIKVWiqAXTlcvdvb0+xkOtDbfQMOf4lST1w=="
  "resolved" "https://registry.npmjs.org/postgres-bytea/-/postgres-bytea-1.0.0.tgz"
  "version" "1.0.0"

"postgres-date@~1.0.4":
  "integrity" "sha512-suDmjLVQg78nMK2UZ454hAG+OAW+HQPZ6n++TNDUX+L0+uUlLywnoxJKDou51Zm+zTCjrCl0Nq6J9C5hP9vK/Q=="
  "resolved" "https://registry.npmjs.org/postgres-date/-/postgres-date-1.0.7.tgz"
  "version" "1.0.7"

"postgres-interval@^1.1.0":
  "integrity" "sha512-9ZhXKM/rw350N1ovuWHbGxnGh/SNJ4cnxHiM0rxE4VN41wsg8P8zWn9hv/buK00RP4WvlOyr/RBDiptyxVbkZQ=="
  "resolved" "https://registry.npmjs.org/postgres-interval/-/postgres-interval-1.2.0.tgz"
  "version" "1.2.0"
  dependencies:
    "xtend" "^4.0.0"

"process@^0.11.1":
  "integrity" "sha512-cdGef/drWFoydD1JsMzuFf8100nZl+GT+yacc2bEced5f9Rjk4z+WtFUTBu9PhOi9j/jfmBPu0mMEY4wIdAF8A=="
  "resolved" "https://registry.npmjs.org/process/-/process-0.11.10.tgz"
  "version" "0.11.10"

"pseudomap@^1.0.2":
  "integrity" "sha512-b/YwNhb8lk1Zz2+bXXpS/LK9OisiZZ1SNsSLxN1x2OXVEhW2Ckr/7mWE5vrC1ZTiJlD9g19jWszTmJsB+oEpFQ=="
  "resolved" "https://registry.npmjs.org/pseudomap/-/pseudomap-1.0.2.tgz"
  "version" "1.0.2"

"pstree.remy@^1.1.8":
  "integrity" "sha512-77DZwxQmxKnu3aR542U+X8FypNzbfJ+C5XQDk3uWjWxn6151aIMGthWYRXTqT1E5oJvg+ljaa2OJi+VfvCOQ8w=="
  "resolved" "https://registry.npmjs.org/pstree.remy/-/pstree.remy-1.1.8.tgz"
  "version" "1.1.8"

"punycode@2.x.x":
  "integrity" "sha512-XRsRjdf+j5ml+y/6GKHPZbrF/8p2Yga0JPtdqTIY2Xe5ohJPD9saDJJLPvp9+NSBprVvevdXZybnj2cv8OEd0A=="
  "resolved" "https://registry.npmjs.org/punycode/-/punycode-2.1.1.tgz"
  "version" "2.1.1"

"querystringify@^2.1.1":
  "integrity" "sha512-FIqgj2EUvTa7R50u0rGsyTftzjYmv/a3hO345bZNrqabNqjtgiDMgmo4mkUjd+nzU5oF3dClKqFIPUKybUyqoQ=="
  "resolved" "https://registry.npmjs.org/querystringify/-/querystringify-2.2.0.tgz"
  "version" "2.2.0"

"readable-stream@^3.6.0":
  "integrity" "sha512-BViHy7LKeTz4oNnkcLJ+lVSL6vpiFeX6/d3oSH8zCW7UxP2onchk+vTGB143xuFjHS3deTgkKoXXymXqymiIdA=="
  "resolved" "https://registry.npmjs.org/readable-stream/-/readable-stream-3.6.0.tgz"
  "version" "3.6.0"
  dependencies:
    "inherits" "^2.0.3"
    "string_decoder" "^1.1.1"
    "util-deprecate" "^1.0.1"

"readdirp@~3.6.0":
  "integrity" "sha512-hOS089on8RduqdbhvQ5Z37A0ESjsqz6qnRcffsMU3495FuTdqSm+7bhJ29JvIOsBDEEnan5DPu9t3To9VRlMzA=="
  "resolved" "https://registry.npmjs.org/readdirp/-/readdirp-3.6.0.tgz"
  "version" "3.6.0"
  dependencies:
    "picomatch" "^2.2.1"

"requires-port@^1.0.0":
  "integrity" "sha512-KigOCHcocU3XODJxsu8i/j8T9tzT4adHiecwORRQ0ZZFcp7ahwXuRU1m+yuO90C5ZUyGeGfocHDI14M3L3yDAQ=="
  "resolved" "https://registry.npmjs.org/requires-port/-/requires-port-1.0.0.tgz"
  "version" "1.0.0"

"ripemd160@^2.0.0", "ripemd160@^2.0.1":
  "integrity" "sha512-ii4iagi25WusVoiC4B4lq7pbXfAp3D9v5CwfkY33vffw2+pkDjY1D8GaN7spsxvCSx8dkPqOZCEZyfxcmJG2IA=="
  "resolved" "https://registry.npmjs.org/ripemd160/-/ripemd160-2.0.2.tgz"
  "version" "2.0.2"
  dependencies:
    "hash-base" "^3.0.0"
    "inherits" "^2.0.1"

"safe-buffer@^5.0.1", "safe-buffer@^5.1.2", "safe-buffer@^5.2.0", "safe-buffer@~5.2.0":
  "integrity" "sha512-rp3So07KcdmmKbGvgaNxQSJr7bGVSVk5S9Eq1F+ppbRo70+YeaDxkw5Dd8NPN+GD6bjnYm2VuPuCXmpuYvmCXQ=="
  "resolved" "https://registry.npmjs.org/safe-buffer/-/safe-buffer-5.2.1.tgz"
  "version" "5.2.1"

"semver@^5.7.1":
  "integrity" "sha512-sauaDf/PZdVgrLTNYHRtpXa1iRiKcaebiKQ1BJdpQlWH2lCvexQdX55snPFyK7QzpudqbCI0qXFfOasHdyNDGQ=="
  "resolved" "https://registry.npmjs.org/semver/-/semver-5.7.1.tgz"
  "version" "5.7.1"

"semver@~7.0.0":
  "integrity" "sha512-+GB6zVA9LWh6zovYQLALHwv5rb2PHGlJi3lfiqIHxR0uuwCgefcOJc59v9fv1w8GbStwxuuqqAjI9NMAOOgq1A=="
  "resolved" "https://registry.npmjs.org/semver/-/semver-7.0.0.tgz"
  "version" "7.0.0"

"sha.js@^2.4.0", "sha.js@^2.4.8":
  "integrity" "sha512-QMEp5B7cftE7APOjk5Y6xgrbWu+WkLVQwk8JNjZ8nKRciZaByEW6MubieAiToS7+dwvrjGhH8jRXz3MVd0AYqQ=="
  "resolved" "https://registry.npmjs.org/sha.js/-/sha.js-2.4.11.tgz"
  "version" "2.4.11"
  dependencies:
    "inherits" "^2.0.1"
    "safe-buffer" "^5.0.1"

"simple-update-notifier@^1.0.7":
  "integrity" "sha512-BBKgR84BJQJm6WjWFMHgLVuo61FBDSj1z/xSFUIozqO6wO7ii0JxCqlIud7Enr/+LhlbNI0whErq96P2qHNWew=="
  "resolved" "https://registry.npmjs.org/simple-update-notifier/-/simple-update-notifier-1.0.7.tgz"
  "version" "1.0.7"
  dependencies:
    "semver" "~7.0.0"

"spex@3.2.0":
  "integrity" "sha512-9srjJM7NaymrpwMHvSmpDeIK5GoRMX/Tq0E8aOlDPS54dDnDUIp30DrP9SphMPEETDLzEM9+4qo+KipmbtPecg=="
  "resolved" "https://registry.npmjs.org/spex/-/spex-3.2.0.tgz"
  "version" "3.2.0"

"split2@^4.1.0":
  "integrity" "sha512-VBiJxFkxiXRlUIeyMQi8s4hgvKCSjtknJv/LVYbrgALPwf5zSKmEwV9Lst25AkvMDnvxODugjdl6KZgwKM1WYQ=="
  "resolved" "https://registry.npmjs.org/split2/-/split2-4.1.0.tgz"
  "version" "4.1.0"

"string_decoder@^1.1.1":
  "integrity" "sha512-hkRX8U1WjJFd8LsDJ2yQ/wWWxaopEsABU1XfkM8A+j0+85JAGppt16cr1Whg6KIbb4okU6Mql6BOj+uup/wKeA=="
  "resolved" "https://registry.npmjs.org/string_decoder/-/string_decoder-1.3.0.tgz"
  "version" "1.3.0"
  dependencies:
    "safe-buffer" "~5.2.0"

"supports-color@^5.5.0":
  "integrity" "sha512-QjVjwdXIt408MIiAqCX4oUKsgU2EqAGzs2Ppkm4aQYbjm+ZEWEcW4SfFNTr4uMNZma0ey4f5lgLrkB0aX0QMow=="
  "resolved" "https://registry.npmjs.org/supports-color/-/supports-color-5.5.0.tgz"
  "version" "5.5.0"
  dependencies:
    "has-flag" "^3.0.0"

"to-regex-range@^5.0.1":
  "integrity" "sha512-65P7iz6X5yEr1cwcgvQxbbIw7Uk3gOy5dIdtZ4rDveLqhrdJP+Li/Hx6tyK0NEb+2GCyneCMJiGqrADCSNk8sQ=="
  "resolved" "https://registry.npmjs.org/to-regex-range/-/to-regex-range-5.0.1.tgz"
  "version" "5.0.1"
  dependencies:
    "is-number" "^7.0.0"

"topo@3.x.x":
  "integrity" "sha512-IgpPtvD4kjrJ7CRA3ov2FhWQADwv+Tdqbsf1ZnPUSAtCJ9e1Z44MmoSGDXGk4IppoZA7jd/QRkNddlLJWlUZsQ=="
  "resolved" "https://registry.npmjs.org/topo/-/topo-3.0.3.tgz"
  "version" "3.0.3"
  dependencies:
    "hoek" "6.x.x"

"touch@^3.1.0":
  "integrity" "sha512-WBx8Uy5TLtOSRtIq+M03/sKDrXCLHxwDcquSP2c43Le03/9serjQBIztjRz6FkJez9D/hleyAXTBGLwwZUw9lA=="
  "resolved" "https://registry.npmjs.org/touch/-/touch-3.1.0.tgz"
  "version" "3.1.0"
  dependencies:
    "nopt" "~1.0.10"

"undefsafe@^2.0.5":
  "integrity" "sha512-WxONCrssBM8TSPRqN5EmsjVrsv4A8X12J4ArBiiayv3DyyG3ZlIg6yysuuSYdZsVz3TKcTg2fd//Ujd4CHV1iA=="
  "resolved" "https://registry.npmjs.org/undefsafe/-/undefsafe-2.0.5.tgz"
  "version" "2.0.5"

"url-parse@^1.4.7":
  "integrity" "sha512-WypcfiRhfeUP9vvF0j6rw0J3hrWrw6iZv3+22h6iRMJ/8z1Tj6XfLP4DsUix5MhMPnXpiHDoKyoZ/bdCkwBCiQ=="
  "resolved" "https://registry.npmjs.org/url-parse/-/url-parse-1.5.10.tgz"
  "version" "1.5.10"
  dependencies:
    "querystringify" "^2.1.1"
    "requires-port" "^1.0.0"

"util-deprecate@^1.0.1":
  "integrity" "sha512-EPD5q1uXyFxJpCrLnCc1nHnq3gOa6DZBocAIiI2TaSCA7VCJ1UJDMagCzIkXNsUYfD1daK//LTEQ8xiIbrHtcw=="
  "resolved" "https://registry.npmjs.org/util-deprecate/-/util-deprecate-1.0.2.tgz"
  "version" "1.0.2"

"util@^0.10.3":
  "integrity" "sha512-0Pm9hTQ3se5ll1XihRic3FDIku70C+iHUdT/W926rSgHV5QgXsYbKZN8MSC3tJtSkhuROzvsQjAaFENRXr+19A=="
  "resolved" "https://registry.npmjs.org/util/-/util-0.10.4.tgz"
  "version" "0.10.4"
  dependencies:
    "inherits" "2.0.3"

"uuid@^9.0.0":
  "integrity" "sha512-MXcSTerfPa4uqyzStbRoTgt5XIe3x5+42+q1sDuy3R5MDk66URdLMOZe5aPX/SQd+kuYAh0FdP/pO28IkQyTeg=="
  "resolved" "https://registry.npmjs.org/uuid/-/uuid-9.0.0.tgz"
  "version" "9.0.0"

"xtend@^4.0.0":
  "integrity" "sha512-LKYU1iAXJXUgAXn9URjiu+MWhyUXHsvfp7mcuYm9dSUKK0/CjtrUwFAxD82/mCWbtLsGjFIad0wIsod4zrTAEQ=="
  "resolved" "https://registry.npmjs.org/xtend/-/xtend-4.0.2.tgz"
  "version" "4.0.2"

"yallist@^2.1.2":
  "integrity" "sha512-ncTzHV7NvsQZkYe1DW7cbDLm0YpzHmZF5r/iyP3ZnQtMiJ+pjzisCiMNI+Sj+xQF5pXhSHxSB3uDbsBTzY/c2A=="
  "resolved" "https://registry.npmjs.org/yallist/-/yallist-2.1.2.tgz"
  "version" "2.1.2"
